
Microsoft Visual Studio Solution File, Format Version 12.00
# Visual Studio 15
VisualStudioVersion = 15.0.26403.7
MinimumVisualStudioVersion = 10.0.40219.1
Project("{FAE04EC0-301F-11D3-BF4B-00C04F79EFBC}") = "Stormancer.Plugins.Steam.Server", "Stormancer.Plugins.Steam.Server\Stormancer.Plugins.Steam.Server.csproj", "{939026E1-A1D8-4C83-BDD4-9256CFD97FDE}"
EndProject
Global
	GlobalSection(SolutionConfigurationPlatforms) = preSolution
		Debug|Any CPU = Debug|Any CPU
		Release|Any CPU = Release|Any CPU
	EndGlobalSection
	GlobalSection(ProjectConfigurationPlatforms) = postSolution
		{939026E1-A1D8-4C83-BDD4-9256CFD97FDE}.Debug|Any CPU.ActiveCfg = Debug|Any CPU
		{939026E1-A1D8-4C83-BDD4-9256CFD97FDE}.Debug|Any CPU.Build.0 = Debug|Any CPU
		{939026E1-A1D8-4C83-BDD4-9256CFD97FDE}.Release|Any CPU.ActiveCfg = Release|Any CPU
		{939026E1-A1D8-4C83-BDD4-9256CFD97FDE}.Release|Any CPU.Build.0 = Release|Any CPU
	EndGlobalSection
	GlobalSection(SolutionProperties) = preSolution
		HideSolutionNode = FALSE
	EndGlobalSection
EndGlobal
